{
  "name": "lyrics-typing-engine",
  "version": "1.0.23",
  "lockfileVersion": 3,
  "requires": true,
  "packages": {
    "": {
      "name": "lyrics-typing-engine",
      "version": "1.0.23",
      "license": "MIT",
      "devDependencies": {
        "@biomejs/biome": "^2.3.7",
        "typescript": "^5.9.3"
      }
    },
    "node_modules/@biomejs/biome": {
      "version": "2.3.7",
      "resolved": "https://registry.npmjs.org/@biomejs/biome/-/biome-2.3.7.tgz",
      "integrity": "sha512-CTbAS/jNAiUc6rcq94BrTB8z83O9+BsgWj2sBCQg9rD6Wkh2gjfR87usjx0Ncx0zGXP1NKgT7JNglay5Zfs9jw==",
      "dev": true,
      "license": "MIT OR Apache-2.0",
      "bin": {
        "biome": "bin/biome"
      },
      "engines": {
        "node": ">=14.21.3"
      },
      "funding": {
        "type": "opencollective",
        "url": "https://opencollective.com/biome"
      },
      "optionalDependencies": {
        "@biomejs/cli-darwin-arm64": "2.3.7",
        "@biomejs/cli-darwin-x64": "2.3.7",
        "@biomejs/cli-linux-arm64": "2.3.7",
        "@biomejs/cli-linux-arm64-musl": "2.3.7",
        "@biomejs/cli-linux-x64": "2.3.7",
        "@biomejs/cli-linux-x64-musl": "2.3.7",
        "@biomejs/cli-win32-arm64": "2.3.7",
        "@biomejs/cli-win32-x64": "2.3.7"
      }
    },
    "node_modules/@biomejs/cli-win32-x64": {
      "version": "2.3.7",
      "resolved": "https://registry.npmjs.org/@biomejs/cli-win32-x64/-/cli-win32-x64-2.3.7.tgz",
      "integrity": "sha512-pulzUshqv9Ed//MiE8MOUeeEkbkSHVDVY5Cz5wVAnH1DUqliCQG3j6s1POaITTFqFfo7AVIx2sWdKpx/GS+Nqw==",
      "cpu": [
        "x64"
      ],
      "dev": true,
      "license": "MIT OR Apache-2.0",
      "optional": true,
      "os": [
        "win32"
      ],
      "engines": {
        "node": ">=14.21.3"
      }
    },
    "node_modules/typescript": {
      "version": "5.9.3",
      "resolved": "https://registry.npmjs.org/typescript/-/typescript-5.9.3.tgz",
      "integrity": "sha512-jl1vZzPDinLr9eUt3J/t7V6FgNEw9QjvBPdysz9KfQDD41fQrC2Y4vKQdiaUpFT4bXlb1RHhLpp8wtm6M5TgSw==",
      "dev": true,
      "license": "Apache-2.0",
      "bin": {
        "tsc": "bin/tsc",
        "tsserver": "bin/tsserver"
      },
      "engines": {
        "node": ">=14.17"
      }
    }
  }
}
